{
  "name": "3a",
  "version": "1.0.0",
  "lockfileVersion": 2,
  "requires": true,
  "packages": {
    "": {
      "name": "3a",
      "version": "1.0.0",
      "license": "ISC",
      "devDependencies": {
        "@smileperez/ajs43-3": "^1.0.0"
      }
    },
    "node_modules/@smileperez/ajs43-3": {
      "version": "1.0.0",
      "resolved": "https://npm.pkg.github.com/download/@smileperez/ajs43-3/1.0.0/a8fca1b11f9432c76ebd0ffa37d7cf8875c98bbc",
      "integrity": "sha512-jdo4i7QutvqcJAfTvhIW2pj4oomn4X0sQS69KH+uHXU00YtPW2JTxpHjHFNtEmPxejR1C7cZBRkuMln0GlLipw==",
      "dev": true,
      "license": "ISC"
    }
  },
  "dependencies": {
    "@smileperez/ajs43-3": {
      "version": "1.0.0",
      "resolved": "https://npm.pkg.github.com/download/@smileperez/ajs43-3/1.0.0/a8fca1b11f9432c76ebd0ffa37d7cf8875c98bbc",
      "integrity": "sha512-jdo4i7QutvqcJAfTvhIW2pj4oomn4X0sQS69KH+uHXU00YtPW2JTxpHjHFNtEmPxejR1C7cZBRkuMln0GlLipw==",
      "dev": true
    }
  }
}
